
Microsoft Visual Studio Solution File, Format Version 12.00
# Visual Studio 15
VisualStudioVersion = 15.0.26124.0
MinimumVisualStudioVersion = 15.0.26124.0
Project("{2150E333-8FDC-42A3-9474-1A3956D46DE8}") = "src", "src", "{A869FEEF-0502-4E97-8B8D-494FF730E683}"
EndProject
Project("{F2A71F9B-5D33-465A-A702-920D77279786}") = "SafeAB.Core", "src\SafeAB.Core\SafeAB.Core.fsproj", "{9B8BA812-C45C-41A0-BF6F-777A69B061F3}"
EndProject
Project("{F2A71F9B-5D33-465A-A702-920D77279786}") = "SafeAB.Tests", "src\SafeAB.Tests\SafeAB.Tests.fsproj", "{78D4A4A5-5FB7-4D7A-8ED5-DBFCEAE939C3}"
EndProject
Global
	GlobalSection(SolutionConfigurationPlatforms) = preSolution
		Debug|Any CPU = Debug|Any CPU
		Debug|x64 = Debug|x64
		Debug|x86 = Debug|x86
		Release|Any CPU = Release|Any CPU
		Release|x64 = Release|x64
		Release|x86 = Release|x86
	EndGlobalSection
	GlobalSection(SolutionProperties) = preSolution
		HideSolutionNode = FALSE
	EndGlobalSection
	GlobalSection(ProjectConfigurationPlatforms) = postSolution
		{9B8BA812-C45C-41A0-BF6F-777A69B061F3}.Debug|Any CPU.ActiveCfg = Debug|Any CPU
		{9B8BA812-C45C-41A0-BF6F-777A69B061F3}.Debug|Any CPU.Build.0 = Debug|Any CPU
		{9B8BA812-C45C-41A0-BF6F-777A69B061F3}.Debug|x64.ActiveCfg = Debug|Any CPU
		{9B8BA812-C45C-41A0-BF6F-777A69B061F3}.Debug|x64.Build.0 = Debug|Any CPU
		{9B8BA812-C45C-41A0-BF6F-777A69B061F3}.Debug|x86.ActiveCfg = Debug|Any CPU
		{9B8BA812-C45C-41A0-BF6F-777A69B061F3}.Debug|x86.Build.0 = Debug|Any CPU
		{9B8BA812-C45C-41A0-BF6F-777A69B061F3}.Release|Any CPU.ActiveCfg = Release|Any CPU
		{9B8BA812-C45C-41A0-BF6F-777A69B061F3}.Release|Any CPU.Build.0 = Release|Any CPU
		{9B8BA812-C45C-41A0-BF6F-777A69B061F3}.Release|x64.ActiveCfg = Release|Any CPU
		{9B8BA812-C45C-41A0-BF6F-777A69B061F3}.Release|x64.Build.0 = Release|Any CPU
		{9B8BA812-C45C-41A0-BF6F-777A69B061F3}.Release|x86.ActiveCfg = Release|Any CPU
		{9B8BA812-C45C-41A0-BF6F-777A69B061F3}.Release|x86.Build.0 = Release|Any CPU
		{78D4A4A5-5FB7-4D7A-8ED5-DBFCEAE939C3}.Debug|Any CPU.ActiveCfg = Debug|Any CPU
		{78D4A4A5-5FB7-4D7A-8ED5-DBFCEAE939C3}.Debug|Any CPU.Build.0 = Debug|Any CPU
		{78D4A4A5-5FB7-4D7A-8ED5-DBFCEAE939C3}.Debug|x64.ActiveCfg = Debug|Any CPU
		{78D4A4A5-5FB7-4D7A-8ED5-DBFCEAE939C3}.Debug|x64.Build.0 = Debug|Any CPU
		{78D4A4A5-5FB7-4D7A-8ED5-DBFCEAE939C3}.Debug|x86.ActiveCfg = Debug|Any CPU
		{78D4A4A5-5FB7-4D7A-8ED5-DBFCEAE939C3}.Debug|x86.Build.0 = Debug|Any CPU
		{78D4A4A5-5FB7-4D7A-8ED5-DBFCEAE939C3}.Release|Any CPU.ActiveCfg = Release|Any CPU
		{78D4A4A5-5FB7-4D7A-8ED5-DBFCEAE939C3}.Release|Any CPU.Build.0 = Release|Any CPU
		{78D4A4A5-5FB7-4D7A-8ED5-DBFCEAE939C3}.Release|x64.ActiveCfg = Release|Any CPU
		{78D4A4A5-5FB7-4D7A-8ED5-DBFCEAE939C3}.Release|x64.Build.0 = Release|Any CPU
		{78D4A4A5-5FB7-4D7A-8ED5-DBFCEAE939C3}.Release|x86.ActiveCfg = Release|Any CPU
		{78D4A4A5-5FB7-4D7A-8ED5-DBFCEAE939C3}.Release|x86.Build.0 = Release|Any CPU
	EndGlobalSection
	GlobalSection(NestedProjects) = preSolution
		{9B8BA812-C45C-41A0-BF6F-777A69B061F3} = {A869FEEF-0502-4E97-8B8D-494FF730E683}
		{78D4A4A5-5FB7-4D7A-8ED5-DBFCEAE939C3} = {A869FEEF-0502-4E97-8B8D-494FF730E683}
	EndGlobalSection
EndGlobal
