
Microsoft Visual Studio Solution File, Format Version 12.00
Project("{F2A71F9B-5D33-465A-A702-920D77279786}") = "SafeAB", "SafeAB\SafeAB.fsproj", "{7624991D-CED6-4531-97FC-69395D3CD78D}"
EndProject
Global
	GlobalSection(SolutionConfigurationPlatforms) = preSolution
		Debug|Any CPU = Debug|Any CPU
		Release|Any CPU = Release|Any CPU
	EndGlobalSection
	GlobalSection(ProjectConfigurationPlatforms) = postSolution
		{7624991D-CED6-4531-97FC-69395D3CD78D}.Debug|Any CPU.ActiveCfg = Debug|Any CPU
		{7624991D-CED6-4531-97FC-69395D3CD78D}.Debug|Any CPU.Build.0 = Debug|Any CPU
		{7624991D-CED6-4531-97FC-69395D3CD78D}.Release|Any CPU.ActiveCfg = Release|Any CPU
		{7624991D-CED6-4531-97FC-69395D3CD78D}.Release|Any CPU.Build.0 = Release|Any CPU
	EndGlobalSection
EndGlobal
